
Microsoft Visual Studio Solution File, Format Version 12.00
# Visual Studio Version 17
VisualStudioVersion = 17.13.35919.96 d17.13
MinimumVisualStudioVersion = 10.0.40219.1
Project("{FAE04EC0-301F-11D3-BF4B-00C04F79EFBC}") = "Barber_Shop", "Barber_Shop\Barber_Shop.csproj", "{13FEDCAE-8F53-4A5D-8762-27DD439F377F}"
EndProject
Global
	GlobalSection(SolutionConfigurationPlatforms) = preSolution
		Debug|Any CPU = Debug|Any CPU
		Release|Any CPU = Release|Any CPU
	EndGlobalSection
	GlobalSection(ProjectConfigurationPlatforms) = postSolution
		{13FEDCAE-8F53-4A5D-8762-27DD439F377F}.Debug|Any CPU.ActiveCfg = Debug|Any CPU
		{13FEDCAE-8F53-4A5D-8762-27DD439F377F}.Debug|Any CPU.Build.0 = Debug|Any CPU
		{13FEDCAE-8F53-4A5D-8762-27DD439F377F}.Release|Any CPU.ActiveCfg = Release|Any CPU
		{13FEDCAE-8F53-4A5D-8762-27DD439F377F}.Release|Any CPU.Build.0 = Release|Any CPU
	EndGlobalSection
	GlobalSection(SolutionProperties) = preSolution
		HideSolutionNode = FALSE
	EndGlobalSection
	GlobalSection(ExtensibilityGlobals) = postSolution
		SolutionGuid = {42C7C8ED-6813-496C-8205-D4A6D0DBC36B}
	EndGlobalSection
EndGlobal
